
Microsoft Visual Studio Solution File, Format Version 12.00
# Visual Studio 15
Project("{FAE04EC0-301F-11D3-BF4B-00C04F79EFBC}") = "Assembly-CSharp", "Assembly-CSharp.csproj", "{DDFB5DDE-93C8-E4AE-9DE0-8801D698DCB1}"
EndProject
Project("{FAE04EC0-301F-11D3-BF4B-00C04F79EFBC}") = "Assembly-CSharp-Editor-firstpass", "Assembly-CSharp-Editor-firstpass.csproj", "{C6DDD27B-1229-7041-816C-209C2AC6344B}"
EndProject
Global
	GlobalSection(SolutionConfigurationPlatforms) = preSolution
		Debug|Any CPU = Debug|Any CPU
		Release|Any CPU = Release|Any CPU
	EndGlobalSection
	GlobalSection(ProjectConfigurationPlatforms) = postSolution
		{DDFB5DDE-93C8-E4AE-9DE0-8801D698DCB1}.Debug|Any CPU.ActiveCfg = Debug|Any CPU
		{DDFB5DDE-93C8-E4AE-9DE0-8801D698DCB1}.Debug|Any CPU.Build.0 = Debug|Any CPU
		{DDFB5DDE-93C8-E4AE-9DE0-8801D698DCB1}.Release|Any CPU.ActiveCfg = Release|Any CPU
		{DDFB5DDE-93C8-E4AE-9DE0-8801D698DCB1}.Release|Any CPU.Build.0 = Release|Any CPU
		{C6DDD27B-1229-7041-816C-209C2AC6344B}.Debug|Any CPU.ActiveCfg = Debug|Any CPU
		{C6DDD27B-1229-7041-816C-209C2AC6344B}.Debug|Any CPU.Build.0 = Debug|Any CPU
		{C6DDD27B-1229-7041-816C-209C2AC6344B}.Release|Any CPU.ActiveCfg = Release|Any CPU
		{C6DDD27B-1229-7041-816C-209C2AC6344B}.Release|Any CPU.Build.0 = Release|Any CPU
	EndGlobalSection
	GlobalSection(SolutionProperties) = preSolution
		HideSolutionNode = FALSE
	EndGlobalSection
EndGlobal
